PODS:
  - Realm (10.8.1):
    - Realm/Headers (= 10.8.1)
  - Realm/Headers (10.8.1)
  - RealmSwift (10.8.1):
    - Realm (= 10.8.1)
  - RoundedViews (1.0.2)

DEPENDENCIES:
  - RealmSwift
  - RoundedViews (from `https://github.com/Taeryn0112/RoundedViews`)

SPEC REPOS:
  trunk:
    - Realm
    - RealmSwift

EXTERNAL SOURCES:
  RoundedViews:
    :git: https://github.com/Taeryn0112/RoundedViews

CHECKOUT OPTIONS:
  RoundedViews:
    :commit: a4e94873ab4e29ebd2836ad95e9ee233a3969fe0
    :git: https://github.com/Taeryn0112/RoundedViews

SPEC CHECKSUMS:
  Realm: a2db54d9dcceddeba936b429f5b3d6610a109686
  RealmSwift: 2a3c75ecbf5a3b04080ff5f6f0554cf6337b4764
  RoundedViews: c15945e567972d09b8af6edbb36bd877e0ed4e07

PODFILE CHECKSUM: 3bd802fbd6e73a514b1f73a2a7bbf37764e6ad10

COCOAPODS: 1.10.1
