PODS:
  - Realm (10.5.1):
    - Realm/Headers (= 10.5.1)
  - Realm/Headers (10.5.1)
  - RealmSwift (10.5.1):
    - Realm (= 10.5.1)
  - RoundedViews (1.0.2)

DEPENDENCIES:
  - RealmSwift
  - RoundedViews

SPEC REPOS:
  trunk:
    - Realm
    - RealmSwift
    - RoundedViews

SPEC CHECKSUMS:
  Realm: 77fcb4e0b9f2963ea06f584749a0d7dc9cab95e1
  RealmSwift: 6abe6aa6cd8b70cc1a87afcb9232cabea74ff1ac
  RoundedViews: c15945e567972d09b8af6edbb36bd877e0ed4e07

PODFILE CHECKSUM: 1e5727654f299c8d14a45b20bcb542f6a87c4840

COCOAPODS: 1.10.0
